{
    "version": 3,
    "terraform_version": "0.9.5",
    "serial": 13,
    "lineage": "0f9ef553-4e72-44ee-b8f3-c228f85afedd",
    "modules": [
        {
            "path": [
                "root"
            ],
            "outputs": {},
            "resources": {
                "aws_instance.tungsten-etcd-server-1": {
                    "type": "aws_instance",
                    "depends_on": [
                        "aws_key_pair.terraform"
                    ],
                    "primary": {
                        "id": "i-03c226ac6923b94e4",
                        "attributes": {
                            "ami": "ami-d52f5bc3",
                            "associate_public_ip_address": "true",
                            "availability_zone": "us-east-1c",
                            "disable_api_termination": "false",
                            "ebs_block_device.#": "0",
                            "ebs_optimized": "false",
                            "ephemeral_block_device.#": "0",
                            "iam_instance_profile": "",
                            "id": "i-03c226ac6923b94e4",
                            "instance_state": "running",
                            "instance_type": "t2.medium",
                            "ipv6_address_count": "0",
                            "ipv6_addresses.#": "0",
                            "key_name": "terraform-00c6a8275a4532db809f60e358",
                            "monitoring": "false",
                            "network_interface.#": "0",
                            "network_interface_id": "eni-2908e4e2",
                            "primary_network_interface_id": "eni-2908e4e2",
                            "private_dns": "ip-172-31-74-188.ec2.internal",
                            "private_ip": "172.31.74.188",
                            "public_dns": "ec2-54-91-203-203.compute-1.amazonaws.com",
                            "public_ip": "54.91.203.203",
                            "root_block_device.#": "1",
                            "root_block_device.0.delete_on_termination": "false",
                            "root_block_device.0.iops": "0",
                            "root_block_device.0.volume_size": "8",
                            "root_block_device.0.volume_type": "standard",
                            "security_groups.#": "1",
                            "security_groups.2200183879": "allow_all",
                            "source_dest_check": "true",
                            "subnet_id": "subnet-52c60d7e",
                            "tags.%": "1",
                            "tags.kargo-etcd": "true",
                            "tenancy": "default",
                            "volume_tags.%": "0",
                            "vpc_security_group_ids.#": "0"
                        },
                        "meta": {
                            "schema_version": "1"
                        },
                        "tainted": false
                    },
                    "deposed": [],
                    "provider": ""
                },
                "aws_instance.tungsten-etcd-server-2": {
                    "type": "aws_instance",
                    "depends_on": [
                        "aws_key_pair.terraform"
                    ],
                    "primary": {
                        "id": "i-06f0feb9d2b22bfd8",
                        "attributes": {
                            "ami": "ami-d52f5bc3",
                            "associate_public_ip_address": "true",
                            "availability_zone": "us-east-1c",
                            "disable_api_termination": "false",
                            "ebs_block_device.#": "0",
                            "ebs_optimized": "false",
                            "ephemeral_block_device.#": "0",
                            "iam_instance_profile": "",
                            "id": "i-06f0feb9d2b22bfd8",
                            "instance_state": "running",
                            "instance_type": "t2.medium",
                            "ipv6_address_count": "0",
                            "ipv6_addresses.#": "0",
                            "key_name": "terraform-00c6a8275a4532db809f60e358",
                            "monitoring": "false",
                            "network_interface.#": "0",
                            "network_interface_id": "eni-be0ae675",
                            "primary_network_interface_id": "eni-be0ae675",
                            "private_dns": "ip-172-31-76-205.ec2.internal",
                            "private_ip": "172.31.76.205",
                            "public_dns": "ec2-34-227-108-128.compute-1.amazonaws.com",
                            "public_ip": "34.227.108.128",
                            "root_block_device.#": "1",
                            "root_block_device.0.delete_on_termination": "false",
                            "root_block_device.0.iops": "0",
                            "root_block_device.0.volume_size": "8",
                            "root_block_device.0.volume_type": "standard",
                            "security_groups.#": "1",
                            "security_groups.2200183879": "allow_all",
                            "source_dest_check": "true",
                            "subnet_id": "subnet-52c60d7e",
                            "tags.%": "1",
                            "tags.kargo-etcd": "true",
                            "tenancy": "default",
                            "volume_tags.%": "0",
                            "vpc_security_group_ids.#": "0"
                        },
                        "meta": {
                            "schema_version": "1"
                        },
                        "tainted": false
                    },
                    "deposed": [],
                    "provider": ""
                },
                "aws_instance.tungsten-k8s-master-server-1": {
                    "type": "aws_instance",
                    "depends_on": [
                        "aws_key_pair.terraform"
                    ],
                    "primary": {
                        "id": "i-0d2e3394c9e807433",
                        "attributes": {
                            "ami": "ami-d52f5bc3",
                            "associate_public_ip_address": "true",
                            "availability_zone": "us-east-1c",
                            "disable_api_termination": "false",
                            "ebs_block_device.#": "0",
                            "ebs_optimized": "false",
                            "ephemeral_block_device.#": "0",
                            "iam_instance_profile": "",
                            "id": "i-0d2e3394c9e807433",
                            "instance_state": "running",
                            "instance_type": "t2.medium",
                            "ipv6_address_count": "0",
                            "ipv6_addresses.#": "0",
                            "key_name": "terraform-00c6a8275a4532db809f60e358",
                            "monitoring": "false",
                            "network_interface.#": "0",
                            "network_interface_id": "eni-0f33dfc4",
                            "primary_network_interface_id": "eni-0f33dfc4",
                            "private_dns": "ip-172-31-67-170.ec2.internal",
                            "private_ip": "172.31.67.170",
                            "public_dns": "ec2-107-23-216-158.compute-1.amazonaws.com",
                            "public_ip": "107.23.216.158",
                            "root_block_device.#": "1",
                            "root_block_device.0.delete_on_termination": "false",
                            "root_block_device.0.iops": "0",
                            "root_block_device.0.volume_size": "8",
                            "root_block_device.0.volume_type": "standard",
                            "security_groups.#": "1",
                            "security_groups.2200183879": "allow_all",
                            "source_dest_check": "true",
                            "subnet_id": "subnet-52c60d7e",
                            "tags.%": "1",
                            "tags.kargo-kube-master": "true",
                            "tenancy": "default",
                            "volume_tags.%": "0",
                            "vpc_security_group_ids.#": "0"
                        },
                        "meta": {
                            "schema_version": "1"
                        },
                        "tainted": false
                    },
                    "deposed": [],
                    "provider": ""
                },
                "aws_instance.tungsten-k8s-worker-server-1": {
                    "type": "aws_instance",
                    "depends_on": [
                        "aws_key_pair.terraform"
                    ],
                    "primary": {
                        "id": "i-039c68ea6b369bb9e",
                        "attributes": {
                            "ami": "ami-d52f5bc3",
                            "associate_public_ip_address": "true",
                            "availability_zone": "us-east-1d",
                            "disable_api_termination": "false",
                            "ebs_block_device.#": "0",
                            "ebs_optimized": "false",
                            "ephemeral_block_device.#": "0",
                            "iam_instance_profile": "",
                            "id": "i-039c68ea6b369bb9e",
                            "instance_state": "running",
                            "instance_type": "t2.large",
                            "ipv6_address_count": "0",
                            "ipv6_addresses.#": "0",
                            "key_name": "terraform-00c6a8275a4532db809f60e358",
                            "monitoring": "false",
                            "network_interface.#": "0",
                            "network_interface_id": "eni-d89cbd3e",
                            "primary_network_interface_id": "eni-d89cbd3e",
                            "private_dns": "ip-172-31-20-21.ec2.internal",
                            "private_ip": "172.31.20.21",
                            "public_dns": "ec2-52-91-96-3.compute-1.amazonaws.com",
                            "public_ip": "52.91.96.3",
                            "root_block_device.#": "1",
                            "root_block_device.0.delete_on_termination": "false",
                            "root_block_device.0.iops": "0",
                            "root_block_device.0.volume_size": "8",
                            "root_block_device.0.volume_type": "standard",
                            "security_groups.#": "1",
                            "security_groups.2200183879": "allow_all",
                            "source_dest_check": "true",
                            "subnet_id": "subnet-1c36b254",
                            "tags.%": "1",
                            "tags.kargo-kube-node": "true",
                            "tenancy": "default",
                            "volume_tags.%": "0",
                            "vpc_security_group_ids.#": "0"
                        },
                        "meta": {
                            "schema_version": "1"
                        },
                        "tainted": false
                    },
                    "deposed": [],
                    "provider": ""
                },
                "aws_instance.tungsten-k8s-worker-server-2": {
                    "type": "aws_instance",
                    "depends_on": [
                        "aws_key_pair.terraform"
                    ],
                    "primary": {
                        "id": "i-0a91d3c73d2cdcd85",
                        "attributes": {
                            "ami": "ami-d52f5bc3",
                            "associate_public_ip_address": "true",
                            "availability_zone": "us-east-1d",
                            "disable_api_termination": "false",
                            "ebs_block_device.#": "0",
                            "ebs_optimized": "false",
                            "ephemeral_block_device.#": "0",
                            "iam_instance_profile": "",
                            "id": "i-0a91d3c73d2cdcd85",
                            "instance_state": "running",
                            "instance_type": "t2.large",
                            "ipv6_address_count": "0",
                            "ipv6_addresses.#": "0",
                            "key_name": "terraform-00c6a8275a4532db809f60e358",
                            "monitoring": "false",
                            "network_interface.#": "0",
                            "network_interface_id": "eni-799abb9f",
                            "primary_network_interface_id": "eni-799abb9f",
                            "private_dns": "ip-172-31-23-211.ec2.internal",
                            "private_ip": "172.31.23.211",
                            "public_dns": "ec2-34-201-63-74.compute-1.amazonaws.com",
                            "public_ip": "34.201.63.74",
                            "root_block_device.#": "1",
                            "root_block_device.0.delete_on_termination": "false",
                            "root_block_device.0.iops": "0",
                            "root_block_device.0.volume_size": "8",
                            "root_block_device.0.volume_type": "standard",
                            "security_groups.#": "1",
                            "security_groups.2200183879": "allow_all",
                            "source_dest_check": "true",
                            "subnet_id": "subnet-1c36b254",
                            "tags.%": "1",
                            "tags.kargo-kube-node": "true",
                            "tenancy": "default",
                            "volume_tags.%": "0",
                            "vpc_security_group_ids.#": "0"
                        },
                        "meta": {
                            "schema_version": "1"
                        },
                        "tainted": false
                    },
                    "deposed": [],
                    "provider": ""
                },
                "aws_key_pair.terraform": {
                    "type": "aws_key_pair",
                    "depends_on": [],
                    "primary": {
                        "id": "terraform-00c6a8275a4532db809f60e358",
                        "attributes": {
                            "fingerprint": "cd:c8:54:3e:39:b6:37:7a:bb:bf:6d:5b:7d:26:bf:64",
                            "id": "terraform-00c6a8275a4532db809f60e358",
                            "key_name": "terraform-00c6a8275a4532db809f60e358",
                            "public_key": "ssh-rsa AAAAB3NzaC1yc2EAAAADAQABAAACAQDJeFc+41wEOI/xEUr1kRp+csVQekddtrISN92jpt5iWyqv2FCtz0iFrQcNra4pNc0ihBrnJksh2uROq3cNfFggbVbzTw7e8XPQW4JArGL4L9zRYeo7z9rJSG0qxBNRMlv5NmQTPheVU6dAqn+/b2iBcz91hVv59/ivJpbVVbQ8Fl58Tpt0aI1EN3HyfQojVvki5RpprGikNfuhjIh7juC4Srb6Oy25o+L7YCNXNma8c4TLEjAafqcyoAcZlQzot5VnEZtwiTnvs5pdT4Yx1JO1BijXUk9GPUq1J32UbOdkcPxa2339b7Xfh6LIn1qeAZdu08jplzOhIJJf2hBiwTQIqoh6orsYzO+edhSZ5oSmC+z9U8C0oYh1tnRq1o4V4x/7gKOXxIlwaSzCshi+DLwHaxwphvD33+CgAjObHy4dMJnU5mpBAxBQoPebJA7gv5iTHwWWjcbOfUpmGZEvn1uAU36zqTN7awLLjduVBHek8+aUeaNvIogVFRrd/Dxuw7CQqp6VhKpj2pyz4/+kX9GTtTwybKpUZ5fv4Dl/KuPvbQTFVWkiLsidZ1y1DQBBI9oPwX8fwP0FO5srifuyIlOlviSOly1m0lD2DaFHQZKaiFlMmAT7JK7DOMQTzqmcXgEyFz0KDRP2mhqSP+pacEzmlgMdCw8wJOfTGPxwkBRQOw== tungsten"
                        },
                        "meta": {
                            "schema_version": "1"
                        },
                        "tainted": false
                    },
                    "deposed": [],
                    "provider": ""
                },
                "aws_route53_record.k8s-api": {
                    "type": "aws_route53_record",
                    "depends_on": [
                        "aws_instance.tungsten-k8s-master-server-1",
                        "aws_route53_zone.primary"
                    ],
                    "primary": {
                        "id": "Z19F5OP3W1YFD2_k8s-api.project-tungsten.com_A",
                        "attributes": {
                            "fqdn": "k8s-api.project-tungsten.com",
                            "health_check_id": "",
                            "id": "Z19F5OP3W1YFD2_k8s-api.project-tungsten.com_A",
                            "name": "k8s-api.project-tungsten.com",
                            "records.#": "1",
                            "records.1197065788": "172.31.67.170",
                            "set_identifier": "",
                            "ttl": "300",
                            "type": "A",
                            "zone_id": "Z19F5OP3W1YFD2"
                        },
                        "meta": {
                            "schema_version": "2"
                        },
                        "tainted": false
                    },
                    "deposed": [],
                    "provider": ""
                },
                "aws_route53_record.k8s-api2": {
                    "type": "aws_route53_record",
                    "depends_on": [
                        "aws_instance.tungsten-k8s-master-server-1",
                        "aws_route53_zone.primary"
                    ],
                    "primary": {
                        "id": "Z19F5OP3W1YFD2_k8s-api2.project-tungsten.com_A",
                        "attributes": {
                            "fqdn": "k8s-api2.project-tungsten.com",
                            "health_check_id": "",
                            "id": "Z19F5OP3W1YFD2_k8s-api2.project-tungsten.com_A",
                            "name": "k8s-api2.project-tungsten.com",
                            "records.#": "1",
                            "records.4073362641": "107.23.216.158",
                            "set_identifier": "",
                            "ttl": "300",
                            "type": "A",
                            "zone_id": "Z19F5OP3W1YFD2"
                        },
                        "meta": {
                            "schema_version": "2"
                        },
                        "tainted": false
                    },
                    "deposed": [],
                    "provider": ""
                },
                "aws_route53_zone.primary": {
                    "type": "aws_route53_zone",
                    "depends_on": [],
                    "primary": {
                        "id": "Z19F5OP3W1YFD2",
                        "attributes": {
                            "comment": "Managed by Terraform",
                            "force_destroy": "false",
                            "id": "Z19F5OP3W1YFD2",
                            "name": "project-tungsten.com",
                            "name_servers.#": "4",
                            "name_servers.0": "ns-1018.awsdns-63.net",
                            "name_servers.1": "ns-129.awsdns-16.com",
                            "name_servers.2": "ns-1472.awsdns-56.org",
                            "name_servers.3": "ns-2034.awsdns-62.co.uk",
                            "tags.%": "0",
                            "zone_id": "Z19F5OP3W1YFD2"
                        },
                        "meta": {},
                        "tainted": false
                    },
                    "deposed": [],
                    "provider": ""
                },
                "aws_security_group.allow_all": {
                    "type": "aws_security_group",
                    "depends_on": [],
                    "primary": {
                        "id": "sg-68cc3819",
                        "attributes": {
                            "description": "Allow all inbound traffic",
                            "egress.#": "1",
                            "egress.482069346.cidr_blocks.#": "1",
                            "egress.482069346.cidr_blocks.0": "0.0.0.0/0",
                            "egress.482069346.from_port": "0",
                            "egress.482069346.ipv6_cidr_blocks.#": "0",
                            "egress.482069346.prefix_list_ids.#": "0",
                            "egress.482069346.protocol": "-1",
                            "egress.482069346.security_groups.#": "0",
                            "egress.482069346.self": "false",
                            "egress.482069346.to_port": "0",
                            "id": "sg-68cc3819",
                            "ingress.#": "1",
                            "ingress.482069346.cidr_blocks.#": "1",
                            "ingress.482069346.cidr_blocks.0": "0.0.0.0/0",
                            "ingress.482069346.from_port": "0",
                            "ingress.482069346.ipv6_cidr_blocks.#": "0",
                            "ingress.482069346.protocol": "-1",
                            "ingress.482069346.security_groups.#": "0",
                            "ingress.482069346.self": "false",
                            "ingress.482069346.to_port": "0",
                            "name": "allow_all",
                            "owner_id": "664449560727",
                            "tags.%": "0",
                            "vpc_id": "vpc-c107fdb8"
                        },
                        "meta": {},
                        "tainted": false
                    },
                    "deposed": [],
                    "provider": ""
                }
            },
            "depends_on": []
        }
    ]
}
