{
    "version": 3,
    "terraform_version": "0.9.5",
    "serial": 19,
    "lineage": "0f9ef553-4e72-44ee-b8f3-c228f85afedd",
    "modules": [
        {
            "path": [
                "root"
            ],
            "outputs": {},
            "resources": {
                "aws_instance.tungsten-etcd-server-1": {
                    "type": "aws_instance",
                    "depends_on": [
                        "aws_key_pair.terraform"
                    ],
                    "primary": {
                        "id": "i-03acf29e834c0d15c",
                        "attributes": {
                            "ami": "ami-d52f5bc3",
                            "associate_public_ip_address": "true",
                            "availability_zone": "us-east-1c",
                            "disable_api_termination": "false",
                            "ebs_block_device.#": "0",
                            "ebs_optimized": "false",
                            "ephemeral_block_device.#": "0",
                            "iam_instance_profile": "",
                            "id": "i-03acf29e834c0d15c",
                            "instance_state": "running",
                            "instance_type": "t2.medium",
                            "ipv6_address_count": "0",
                            "ipv6_addresses.#": "0",
                            "key_name": "terraform-0009f877e19637965e6e50abaf",
                            "monitoring": "false",
                            "network_interface.#": "0",
                            "network_interface_id": "eni-5e6fab95",
                            "primary_network_interface_id": "eni-5e6fab95",
                            "private_dns": "ip-172-31-64-178.ec2.internal",
                            "private_ip": "172.31.64.178",
                            "public_dns": "ec2-34-227-27-166.compute-1.amazonaws.com",
                            "public_ip": "34.227.27.166",
                            "root_block_device.#": "1",
                            "root_block_device.0.delete_on_termination": "false",
                            "root_block_device.0.iops": "0",
                            "root_block_device.0.volume_size": "8",
                            "root_block_device.0.volume_type": "standard",
                            "security_groups.#": "1",
                            "security_groups.2200183879": "allow_all",
                            "source_dest_check": "true",
                            "subnet_id": "subnet-52c60d7e",
                            "tags.%": "1",
                            "tags.kargo-etcd": "true",
                            "tenancy": "default",
                            "volume_tags.%": "0",
                            "vpc_security_group_ids.#": "0"
                        },
                        "meta": {
                            "schema_version": "1"
                        },
                        "tainted": false
                    },
                    "deposed": [],
                    "provider": ""
                },
                "aws_instance.tungsten-etcd-server-2": {
                    "type": "aws_instance",
                    "depends_on": [
                        "aws_key_pair.terraform"
                    ],
                    "primary": {
                        "id": "i-099a7fff7e150b861",
                        "attributes": {
                            "ami": "ami-d52f5bc3",
                            "associate_public_ip_address": "true",
                            "availability_zone": "us-east-1c",
                            "disable_api_termination": "false",
                            "ebs_block_device.#": "0",
                            "ebs_optimized": "false",
                            "ephemeral_block_device.#": "0",
                            "iam_instance_profile": "",
                            "id": "i-099a7fff7e150b861",
                            "instance_state": "running",
                            "instance_type": "t2.medium",
                            "ipv6_address_count": "0",
                            "ipv6_addresses.#": "0",
                            "key_name": "terraform-0009f877e19637965e6e50abaf",
                            "monitoring": "false",
                            "network_interface.#": "0",
                            "network_interface_id": "eni-d86ca813",
                            "primary_network_interface_id": "eni-d86ca813",
                            "private_dns": "ip-172-31-71-8.ec2.internal",
                            "private_ip": "172.31.71.8",
                            "public_dns": "ec2-54-161-63-135.compute-1.amazonaws.com",
                            "public_ip": "54.161.63.135",
                            "root_block_device.#": "1",
                            "root_block_device.0.delete_on_termination": "false",
                            "root_block_device.0.iops": "0",
                            "root_block_device.0.volume_size": "8",
                            "root_block_device.0.volume_type": "standard",
                            "security_groups.#": "1",
                            "security_groups.2200183879": "allow_all",
                            "source_dest_check": "true",
                            "subnet_id": "subnet-52c60d7e",
                            "tags.%": "1",
                            "tags.kargo-etcd": "true",
                            "tenancy": "default",
                            "volume_tags.%": "0",
                            "vpc_security_group_ids.#": "0"
                        },
                        "meta": {
                            "schema_version": "1"
                        },
                        "tainted": false
                    },
                    "deposed": [],
                    "provider": ""
                },
                "aws_instance.tungsten-k8s-master-server-1": {
                    "type": "aws_instance",
                    "depends_on": [
                        "aws_key_pair.terraform"
                    ],
                    "primary": {
                        "id": "i-00be403dd347b85bd",
                        "attributes": {
                            "ami": "ami-d52f5bc3",
                            "associate_public_ip_address": "true",
                            "availability_zone": "us-east-1c",
                            "disable_api_termination": "false",
                            "ebs_block_device.#": "0",
                            "ebs_optimized": "false",
                            "ephemeral_block_device.#": "0",
                            "iam_instance_profile": "",
                            "id": "i-00be403dd347b85bd",
                            "instance_state": "running",
                            "instance_type": "t2.medium",
                            "ipv6_address_count": "0",
                            "ipv6_addresses.#": "0",
                            "key_name": "terraform-0009f877e19637965e6e50abaf",
                            "monitoring": "false",
                            "network_interface.#": "0",
                            "network_interface_id": "eni-8f6fab44",
                            "primary_network_interface_id": "eni-8f6fab44",
                            "private_dns": "ip-172-31-74-44.ec2.internal",
                            "private_ip": "172.31.74.44",
                            "public_dns": "ec2-54-227-135-4.compute-1.amazonaws.com",
                            "public_ip": "54.227.135.4",
                            "root_block_device.#": "1",
                            "root_block_device.0.delete_on_termination": "false",
                            "root_block_device.0.iops": "0",
                            "root_block_device.0.volume_size": "8",
                            "root_block_device.0.volume_type": "standard",
                            "security_groups.#": "1",
                            "security_groups.2200183879": "allow_all",
                            "source_dest_check": "true",
                            "subnet_id": "subnet-52c60d7e",
                            "tags.%": "1",
                            "tags.kargo-kube-master": "true",
                            "tenancy": "default",
                            "volume_tags.%": "0",
                            "vpc_security_group_ids.#": "0"
                        },
                        "meta": {
                            "schema_version": "1"
                        },
                        "tainted": false
                    },
                    "deposed": [],
                    "provider": ""
                },
                "aws_instance.tungsten-k8s-worker-server-1": {
                    "type": "aws_instance",
                    "depends_on": [
                        "aws_key_pair.terraform"
                    ],
                    "primary": {
                        "id": "i-060f9b87bbb877395",
                        "attributes": {
                            "ami": "ami-d52f5bc3",
                            "associate_public_ip_address": "true",
                            "availability_zone": "us-east-1d",
                            "disable_api_termination": "false",
                            "ebs_block_device.#": "0",
                            "ebs_optimized": "false",
                            "ephemeral_block_device.#": "0",
                            "iam_instance_profile": "",
                            "id": "i-060f9b87bbb877395",
                            "instance_state": "running",
                            "instance_type": "t2.large",
                            "ipv6_address_count": "0",
                            "ipv6_addresses.#": "0",
                            "key_name": "terraform-0009f877e19637965e6e50abaf",
                            "monitoring": "false",
                            "network_interface.#": "0",
                            "network_interface_id": "eni-7df6cf9b",
                            "primary_network_interface_id": "eni-7df6cf9b",
                            "private_dns": "ip-172-31-25-22.ec2.internal",
                            "private_ip": "172.31.25.22",
                            "public_dns": "ec2-54-172-221-218.compute-1.amazonaws.com",
                            "public_ip": "54.172.221.218",
                            "root_block_device.#": "1",
                            "root_block_device.0.delete_on_termination": "false",
                            "root_block_device.0.iops": "0",
                            "root_block_device.0.volume_size": "8",
                            "root_block_device.0.volume_type": "standard",
                            "security_groups.#": "1",
                            "security_groups.2200183879": "allow_all",
                            "source_dest_check": "true",
                            "subnet_id": "subnet-1c36b254",
                            "tags.%": "1",
                            "tags.kargo-kube-node": "true",
                            "tenancy": "default",
                            "volume_tags.%": "0",
                            "vpc_security_group_ids.#": "0"
                        },
                        "meta": {
                            "schema_version": "1"
                        },
                        "tainted": false
                    },
                    "deposed": [],
                    "provider": ""
                },
                "aws_instance.tungsten-k8s-worker-server-2": {
                    "type": "aws_instance",
                    "depends_on": [
                        "aws_key_pair.terraform"
                    ],
                    "primary": {
                        "id": "i-0ddf7d45d70233f27",
                        "attributes": {
                            "ami": "ami-d52f5bc3",
                            "associate_public_ip_address": "true",
                            "availability_zone": "us-east-1d",
                            "disable_api_termination": "false",
                            "ebs_block_device.#": "0",
                            "ebs_optimized": "false",
                            "ephemeral_block_device.#": "0",
                            "iam_instance_profile": "",
                            "id": "i-0ddf7d45d70233f27",
                            "instance_state": "running",
                            "instance_type": "t2.large",
                            "ipv6_address_count": "0",
                            "ipv6_addresses.#": "0",
                            "key_name": "terraform-0009f877e19637965e6e50abaf",
                            "monitoring": "false",
                            "network_interface.#": "0",
                            "network_interface_id": "eni-7cf6cf9a",
                            "primary_network_interface_id": "eni-7cf6cf9a",
                            "private_dns": "ip-172-31-16-93.ec2.internal",
                            "private_ip": "172.31.16.93",
                            "public_dns": "ec2-54-91-6-204.compute-1.amazonaws.com",
                            "public_ip": "54.91.6.204",
                            "root_block_device.#": "1",
                            "root_block_device.0.delete_on_termination": "false",
                            "root_block_device.0.iops": "0",
                            "root_block_device.0.volume_size": "8",
                            "root_block_device.0.volume_type": "standard",
                            "security_groups.#": "1",
                            "security_groups.2200183879": "allow_all",
                            "source_dest_check": "true",
                            "subnet_id": "subnet-1c36b254",
                            "tags.%": "1",
                            "tags.kargo-kube-node": "true",
                            "tenancy": "default",
                            "volume_tags.%": "0",
                            "vpc_security_group_ids.#": "0"
                        },
                        "meta": {
                            "schema_version": "1"
                        },
                        "tainted": false
                    },
                    "deposed": [],
                    "provider": ""
                },
                "aws_key_pair.terraform": {
                    "type": "aws_key_pair",
                    "depends_on": [],
                    "primary": {
                        "id": "terraform-0009f877e19637965e6e50abaf",
                        "attributes": {
                            "fingerprint": "cd:c8:54:3e:39:b6:37:7a:bb:bf:6d:5b:7d:26:bf:64",
                            "id": "terraform-0009f877e19637965e6e50abaf",
                            "key_name": "terraform-0009f877e19637965e6e50abaf",
                            "public_key": "ssh-rsa AAAAB3NzaC1yc2EAAAADAQABAAACAQDJeFc+41wEOI/xEUr1kRp+csVQekddtrISN92jpt5iWyqv2FCtz0iFrQcNra4pNc0ihBrnJksh2uROq3cNfFggbVbzTw7e8XPQW4JArGL4L9zRYeo7z9rJSG0qxBNRMlv5NmQTPheVU6dAqn+/b2iBcz91hVv59/ivJpbVVbQ8Fl58Tpt0aI1EN3HyfQojVvki5RpprGikNfuhjIh7juC4Srb6Oy25o+L7YCNXNma8c4TLEjAafqcyoAcZlQzot5VnEZtwiTnvs5pdT4Yx1JO1BijXUk9GPUq1J32UbOdkcPxa2339b7Xfh6LIn1qeAZdu08jplzOhIJJf2hBiwTQIqoh6orsYzO+edhSZ5oSmC+z9U8C0oYh1tnRq1o4V4x/7gKOXxIlwaSzCshi+DLwHaxwphvD33+CgAjObHy4dMJnU5mpBAxBQoPebJA7gv5iTHwWWjcbOfUpmGZEvn1uAU36zqTN7awLLjduVBHek8+aUeaNvIogVFRrd/Dxuw7CQqp6VhKpj2pyz4/+kX9GTtTwybKpUZ5fv4Dl/KuPvbQTFVWkiLsidZ1y1DQBBI9oPwX8fwP0FO5srifuyIlOlviSOly1m0lD2DaFHQZKaiFlMmAT7JK7DOMQTzqmcXgEyFz0KDRP2mhqSP+pacEzmlgMdCw8wJOfTGPxwkBRQOw== tungsten"
                        },
                        "meta": {
                            "schema_version": "1"
                        },
                        "tainted": false
                    },
                    "deposed": [],
                    "provider": ""
                },
                "aws_route53_record.k8s-api": {
                    "type": "aws_route53_record",
                    "depends_on": [
                        "aws_instance.tungsten-k8s-master-server-1",
                        "aws_route53_zone.primary"
                    ],
                    "primary": {
                        "id": "ZZAXP9V215O4G_k8s-api.project-tungsten.com_A",
                        "attributes": {
                            "fqdn": "k8s-api.project-tungsten.com",
                            "health_check_id": "",
                            "id": "ZZAXP9V215O4G_k8s-api.project-tungsten.com_A",
                            "name": "k8s-api.project-tungsten.com",
                            "records.#": "1",
                            "records.3757691859": "54.227.135.4",
                            "set_identifier": "",
                            "ttl": "300",
                            "type": "A",
                            "zone_id": "ZZAXP9V215O4G"
                        },
                        "meta": {
                            "schema_version": "2"
                        },
                        "tainted": false
                    },
                    "deposed": [],
                    "provider": ""
                },
                "aws_route53_record.k8s-routes": {
                    "type": "aws_route53_record",
                    "depends_on": [
                        "aws_instance.tungsten-k8s-worker-server-1",
                        "aws_instance.tungsten-k8s-worker-server-2",
                        "aws_route53_zone.primary"
                    ],
                    "primary": {
                        "id": "ZZAXP9V215O4G_*.project-tungsten.com_A",
                        "attributes": {
                            "fqdn": "*.project-tungsten.com",
                            "health_check_id": "",
                            "id": "ZZAXP9V215O4G_*.project-tungsten.com_A",
                            "name": "*.project-tungsten.com",
                            "records.#": "2",
                            "records.120637860": "54.91.6.204",
                            "records.615292120": "54.172.221.218",
                            "set_identifier": "",
                            "ttl": "300",
                            "type": "A",
                            "zone_id": "ZZAXP9V215O4G"
                        },
                        "meta": {
                            "schema_version": "2"
                        },
                        "tainted": false
                    },
                    "deposed": [],
                    "provider": ""
                },
                "aws_route53_zone.primary": {
                    "type": "aws_route53_zone",
                    "depends_on": [],
                    "primary": {
                        "id": "ZZAXP9V215O4G",
                        "attributes": {
                            "comment": "Managed by Terraform",
                            "force_destroy": "false",
                            "id": "ZZAXP9V215O4G",
                            "name": "project-tungsten.com",
                            "name_servers.#": "4",
                            "name_servers.0": "ns-1348.awsdns-40.org",
                            "name_servers.1": "ns-1707.awsdns-21.co.uk",
                            "name_servers.2": "ns-382.awsdns-47.com",
                            "name_servers.3": "ns-564.awsdns-06.net",
                            "tags.%": "0",
                            "zone_id": "ZZAXP9V215O4G"
                        },
                        "meta": {},
                        "tainted": false
                    },
                    "deposed": [],
                    "provider": ""
                },
                "aws_security_group.allow_all": {
                    "type": "aws_security_group",
                    "depends_on": [],
                    "primary": {
                        "id": "sg-53669522",
                        "attributes": {
                            "description": "Allow all inbound traffic",
                            "egress.#": "1",
                            "egress.482069346.cidr_blocks.#": "1",
                            "egress.482069346.cidr_blocks.0": "0.0.0.0/0",
                            "egress.482069346.from_port": "0",
                            "egress.482069346.ipv6_cidr_blocks.#": "0",
                            "egress.482069346.prefix_list_ids.#": "0",
                            "egress.482069346.protocol": "-1",
                            "egress.482069346.security_groups.#": "0",
                            "egress.482069346.self": "false",
                            "egress.482069346.to_port": "0",
                            "id": "sg-53669522",
                            "ingress.#": "1",
                            "ingress.482069346.cidr_blocks.#": "1",
                            "ingress.482069346.cidr_blocks.0": "0.0.0.0/0",
                            "ingress.482069346.from_port": "0",
                            "ingress.482069346.ipv6_cidr_blocks.#": "0",
                            "ingress.482069346.protocol": "-1",
                            "ingress.482069346.security_groups.#": "0",
                            "ingress.482069346.self": "false",
                            "ingress.482069346.to_port": "0",
                            "name": "allow_all",
                            "owner_id": "664449560727",
                            "tags.%": "0",
                            "vpc_id": "vpc-c107fdb8"
                        },
                        "meta": {},
                        "tainted": false
                    },
                    "deposed": [],
                    "provider": ""
                }
            },
            "depends_on": []
        }
    ]
}
